# THIS IS AN AUTOGENERATED FILE. DO NOT EDIT THIS FILE DIRECTLY.
# yarn lockfile v1


random-item@^3.1.0:
  version "3.1.0"
  resolved "https://registry.yarnpkg.com/random-item/-/random-item-3.1.0.tgz#b0425646b06292059fd8aaf4bdf0c04cf426f625"
  integrity sha512-0DyAT8LYBNQKSkqcPjia/HNoWCZ5JWBdAQWjBQVh5DMVv3Fv7V90I8/AuUf8NW4zdFn27i9qj8Kp6wI5JsiiOA==
